
Microsoft Visual Studio Solution File, Format Version 12.00
# Visual Studio Version 17
VisualStudioVersion = 17.0.32014.148
MinimumVisualStudioVersion = 10.0.40219.1
Project("{FAE04EC0-301F-11D3-BF4B-00C04F79EFBC}") = "nikita", "nikita\nikita.csproj", "{309992AD-DBA4-49C1-B1C3-1BB49FD03B71}"
EndProject
Global
	GlobalSection(SolutionConfigurationPlatforms) = preSolution
		Debug|Any CPU = Debug|Any CPU
		Release|Any CPU = Release|Any CPU
	EndGlobalSection
	GlobalSection(ProjectConfigurationPlatforms) = postSolution
		{309992AD-DBA4-49C1-B1C3-1BB49FD03B71}.Debug|Any CPU.ActiveCfg = Debug|Any CPU
		{309992AD-DBA4-49C1-B1C3-1BB49FD03B71}.Debug|Any CPU.Build.0 = Debug|Any CPU
		{309992AD-DBA4-49C1-B1C3-1BB49FD03B71}.Release|Any CPU.ActiveCfg = Release|Any CPU
		{309992AD-DBA4-49C1-B1C3-1BB49FD03B71}.Release|Any CPU.Build.0 = Release|Any CPU
	EndGlobalSection
	GlobalSection(SolutionProperties) = preSolution
		HideSolutionNode = FALSE
	EndGlobalSection
	GlobalSection(ExtensibilityGlobals) = postSolution
		SolutionGuid = {73E48F34-2234-469A-9163-D12A43FB26B1}
	EndGlobalSection
EndGlobal
